
Microsoft Visual Studio Solution File, Format Version 12.00
# Visual Studio Version 17
VisualStudioVersion = 17.9.34622.214
MinimumVisualStudioVersion = 10.0.40219.1
Project("{FAE04EC0-301F-11D3-BF4B-00C04F79EFBC}") = "SmallLabTask", "SmallLabTask\SmallLabTask.csproj", "{B8825DF9-DEA1-42A2-B457-EB831F276CBD}"
EndProject
Global
	GlobalSection(SolutionConfigurationPlatforms) = preSolution
		Debug|Any CPU = Debug|Any CPU
		Release|Any CPU = Release|Any CPU
	EndGlobalSection
	GlobalSection(ProjectConfigurationPlatforms) = postSolution
		{B8825DF9-DEA1-42A2-B457-EB831F276CBD}.Debug|Any CPU.ActiveCfg = Debug|Any CPU
		{B8825DF9-DEA1-42A2-B457-EB831F276CBD}.Debug|Any CPU.Build.0 = Debug|Any CPU
		{B8825DF9-DEA1-42A2-B457-EB831F276CBD}.Release|Any CPU.ActiveCfg = Release|Any CPU
		{B8825DF9-DEA1-42A2-B457-EB831F276CBD}.Release|Any CPU.Build.0 = Release|Any CPU
	EndGlobalSection
	GlobalSection(SolutionProperties) = preSolution
		HideSolutionNode = FALSE
	EndGlobalSection
	GlobalSection(ExtensibilityGlobals) = postSolution
		SolutionGuid = {D48999C7-7F12-408A-8048-5AAE8F4ED4D6}
	EndGlobalSection
EndGlobal
